
Microsoft Visual Studio Solution File, Format Version 12.00
# Visual Studio Version 17
VisualStudioVersion = 17.10.35027.167
MinimumVisualStudioVersion = 10.0.40219.1
Project("{FAE04EC0-301F-11D3-BF4B-00C04F79EFBC}") = "RatesCalculatorSystem", "RatesCalculatorSystem\RatesCalculatorSystem.csproj", "{6414A674-5D11-4D50-A58C-286763A720E9}"
EndProject
Global
	GlobalSection(SolutionConfigurationPlatforms) = preSolution
		Debug|Any CPU = Debug|Any CPU
		Release|Any CPU = Release|Any CPU
	EndGlobalSection
	GlobalSection(ProjectConfigurationPlatforms) = postSolution
		{6414A674-5D11-4D50-A58C-286763A720E9}.Debug|Any CPU.ActiveCfg = Debug|Any CPU
		{6414A674-5D11-4D50-A58C-286763A720E9}.Debug|Any CPU.Build.0 = Debug|Any CPU
		{6414A674-5D11-4D50-A58C-286763A720E9}.Release|Any CPU.ActiveCfg = Release|Any CPU
		{6414A674-5D11-4D50-A58C-286763A720E9}.Release|Any CPU.Build.0 = Release|Any CPU
	EndGlobalSection
	GlobalSection(SolutionProperties) = preSolution
		HideSolutionNode = FALSE
	EndGlobalSection
	GlobalSection(ExtensibilityGlobals) = postSolution
		SolutionGuid = {23F3ABB4-1A9E-48AD-A1DE-946A14CAE5C1}
	EndGlobalSection
EndGlobal
